schema: '2.0'
stages:
  train_model:
    cmd: python train.py
    deps:
    - path: data/iris.csv
      hash: md5
      md5: 341a3b5244f213282b7b0920b729c592
      size: 3975
    - path: train.py
      hash: md5
      md5: 42ed2b7e0c1f1e970521c97ca5ea61d2
      size: 303
    outs:
    - path: model.joblib
      hash: md5
      md5: f804626f7a6876aec289524abf1f7c81
      size: 997
